// !$*UTF8*$!
{
	archiveVersion = 1;
	classes = {
	};
	objectVersion = 50;
	objects = {

/* Begin PBXBuildFile section */
		1147E68B269D1D5B00BAECE1 /* Launch Screen.storyboard in Resources */ = {isa = PBXBuildFile; fileRef = 1147E68A269D1D5B00BAECE1 /* Launch Screen.storyboard */; };
		11664140267E786700CB6666 /* MetadataItem.swift in Sources */ = {isa = PBXBuildFile; fileRef = 1166413F267E786700CB6666 /* MetadataItem.swift */; };
		117C02E526ACD16C004197D3 /* CatalogSearchView.swift in Sources */ = {isa = PBXBuildFile; fileRef = 117C02E426ACD16C004197D3 /* CatalogSearchView.swift */; };
		117C02E926ACD638004197D3 /* FullWebView.swift in Sources */ = {isa = PBXBuildFile; fileRef = 117C02E826ACD638004197D3 /* FullWebView.swift */; };
		117C02EB26ACDDEE004197D3 /* InputView.swift in Sources */ = {isa = PBXBuildFile; fileRef = 117C02EA26ACDDEE004197D3 /* InputView.swift */; };
		117C02ED26ACDE4D004197D3 /* CustomSearchMenu.swift in Sources */ = {isa = PBXBuildFile; fileRef = 117C02EC26ACDE4D004197D3 /* CustomSearchMenu.swift */; };
		1181A8C727ED2BFB003EE7AF /* Assets.xcassets in Resources */ = {isa = PBXBuildFile; fileRef = 1181A8C627ED2BFB003EE7AF /* Assets.xcassets */; };
		1181A8C927ED2C0E003EE7AF /* TargetScene.rcproject in Sources */ = {isa = PBXBuildFile; fileRef = 1181A8C827ED2C0E003EE7AF /* TargetScene.rcproject */; };
		1181A8CB27ED2C4C003EE7AF /* OnboardingView.swift in Sources */ = {isa = PBXBuildFile; fileRef = 1181A8CA27ED2C4C003EE7AF /* OnboardingView.swift */; };
		1181A8CE27ED2C84003EE7AF /* ContentView.swift in Sources */ = {isa = PBXBuildFile; fileRef = 1181A8CC27ED2C84003EE7AF /* ContentView.swift */; };
		1181A8CF27ED2C84003EE7AF /* AssetRow.swift in Sources */ = {isa = PBXBuildFile; fileRef = 1181A8CD27ED2C84003EE7AF /* AssetRow.swift */; };
		1181A8D527ED35B8003EE7AF /* 3_Explore.mov in Resources */ = {isa = PBXBuildFile; fileRef = 1181A8D227ED35B8003EE7AF /* 3_Explore.mov */; };
		1181A8D627ED35B8003EE7AF /* 2_Tap.mov in Resources */ = {isa = PBXBuildFile; fileRef = 1181A8D327ED35B8003EE7AF /* 2_Tap.mov */; };
		1181A8D727ED35B8003EE7AF /* 1_Aim.mov in Resources */ = {isa = PBXBuildFile; fileRef = 1181A8D427ED35B8003EE7AF /* 1_Aim.mov */; };
		1181A8DC27ED38BD003EE7AF /* 0_onboarding.png in Resources */ = {isa = PBXBuildFile; fileRef = 1181A8DB27ED38BD003EE7AF /* 0_onboarding.png */; };
		1181A8DE27EE5362003EE7AF /* LA1909.jpg in Resources */ = {isa = PBXBuildFile; fileRef = 1181A8DD27EE5362003EE7AF /* LA1909.jpg */; };
		11929F5E2739D97F00EB2036 /* RealityView.swift in Sources */ = {isa = PBXBuildFile; fileRef = 11929F5D2739D97F00EB2036 /* RealityView.swift */; };
		11929F602739DB9700EB2036 /* CustomPlane.swift in Sources */ = {isa = PBXBuildFile; fileRef = 11929F5F2739DB9700EB2036 /* CustomPlane.swift */; };
		1193352A25830ED900CA19A2 /* ContentDataContainer.xcdatamodeld in Sources */ = {isa = PBXBuildFile; fileRef = 1193352825830ED900CA19A2 /* ContentDataContainer.xcdatamodeld */; };
		11B208562537C90900704F40 /* MultiProperty.swift in Sources */ = {isa = PBXBuildFile; fileRef = 11B208552537C90900704F40 /* MultiProperty.swift */; };
		11B208592537C9AF00704F40 /* IIIFManifest.swift in Sources */ = {isa = PBXBuildFile; fileRef = 11B208582537C9AF00704F40 /* IIIFManifest.swift */; };
		11B2085C2537C9EB00704F40 /* IIIFSequence.swift in Sources */ = {isa = PBXBuildFile; fileRef = 11B2085B2537C9EB00704F40 /* IIIFSequence.swift */; };
		11B2085F2537CA0F00704F40 /* IIIFCanvas.swift in Sources */ = {isa = PBXBuildFile; fileRef = 11B2085E2537CA0F00704F40 /* IIIFCanvas.swift */; };
		11B208622537CA3300704F40 /* Metadata.swift in Sources */ = {isa = PBXBuildFile; fileRef = 11B208612537CA3300704F40 /* Metadata.swift */; };
		11B208682537CE4200704F40 /* IIIFAnnotation.swift in Sources */ = {isa = PBXBuildFile; fileRef = 11B208672537CE4200704F40 /* IIIFAnnotation.swift */; };
		11B2086B2537CE7900704F40 /* IIIFImage.swift in Sources */ = {isa = PBXBuildFile; fileRef = 11B2086A2537CE7900704F40 /* IIIFImage.swift */; };
		11B2086E2537CE9600704F40 /* IIIFService.swift in Sources */ = {isa = PBXBuildFile; fileRef = 11B2086D2537CE9600704F40 /* IIIFService.swift */; };
		11B2ADEC2593E6B500A54488 /* ActivityIndicatorView.swift in Sources */ = {isa = PBXBuildFile; fileRef = 11B2ADEB2593E6B500A54488 /* ActivityIndicatorView.swift */; };
		11C73CCD25F1662900FB66DA /* MapOfCalifornia.json in Resources */ = {isa = PBXBuildFile; fileRef = 11C73CCC25F1662900FB66DA /* MapOfCalifornia.json */; };
		11C73CD025F16FC300FB66DA /* MapOfLosAngeles.json in Resources */ = {isa = PBXBuildFile; fileRef = 11C73CCF25F16FC300FB66DA /* MapOfLosAngeles.json */; };
		11C73CD525F172BE00FB66DA /* LA1909.json in Resources */ = {isa = PBXBuildFile; fileRef = 11C73CD225F172BE00FB66DA /* LA1909.json */; };
		11C73CD625F172BE00FB66DA /* AutomobileLA.json in Resources */ = {isa = PBXBuildFile; fileRef = 11C73CD325F172BE00FB66DA /* AutomobileLA.json */; };
		11C73CD725F172BE00FB66DA /* TopographicLA.json in Resources */ = {isa = PBXBuildFile; fileRef = 11C73CD425F172BE00FB66DA /* TopographicLA.json */; };
		11C73CDA25F1733200FB66DA /* Hollywood.json in Resources */ = {isa = PBXBuildFile; fileRef = 11C73CD925F1733200FB66DA /* Hollywood.json */; };
		11D0BCBF2741BF0500AD3B56 /* RealityViewRepresentable.swift in Sources */ = {isa = PBXBuildFile; fileRef = 11D0BCBE2741BF0500AD3B56 /* RealityViewRepresentable.swift */; };
		11DF87A82548955D00A1E5BD /* ManifestData.swift in Sources */ = {isa = PBXBuildFile; fileRef = 11DF87A72548955D00A1E5BD /* ManifestData.swift */; };
		11FC2AAA255B0BFD00AC21EA /* WebControllerRepresentable.swift in Sources */ = {isa = PBXBuildFile; fileRef = 11FC2AA9255B0BFD00AC21EA /* WebControllerRepresentable.swift */; };
		11FDF31B27B5C27100EB5BDC /* NewListView.swift in Sources */ = {isa = PBXBuildFile; fileRef = 11FDF31A27B5C27100EB5BDC /* NewListView.swift */; };
		11FDF31E27B5CF4300EB5BDC /* ListsView.swift in Sources */ = {isa = PBXBuildFile; fileRef = 11FDF31D27B5CF4300EB5BDC /* ListsView.swift */; };
		56CD50A824C7CA1C00EF8C3E /* AppDelegate.swift in Sources */ = {isa = PBXBuildFile; fileRef = 56CD50A724C7CA1C00EF8C3E /* AppDelegate.swift */; };
		56CD50AA24C7CA1C00EF8C3E /* SceneDelegate.swift in Sources */ = {isa = PBXBuildFile; fileRef = 56CD50A924C7CA1C00EF8C3E /* SceneDelegate.swift */; };
		56CD50C024C7CEA000EF8C3E /* RectangularImage.swift in Sources */ = {isa = PBXBuildFile; fileRef = 56CD50BF24C7CEA000EF8C3E /* RectangularImage.swift */; };
		BA42D15E27E96CE000E9BA0B /* ManifestItemsPickerView.swift in Sources */ = {isa = PBXBuildFile; fileRef = BA42D15D27E96CE000E9BA0B /* ManifestItemsPickerView.swift */; };
		BA5ADC9127BC60B700A0E87B /* ItemCollection.swift in Sources */ = {isa = PBXBuildFile; fileRef = BA5ADC9027BC60B700A0E87B /* ItemCollection.swift */; };
		BA5ADC9B27BC642000A0E87B /* Manifest+CoreDataProperties.swift in Sources */ = {isa = PBXBuildFile; fileRef = BA5ADC9727BC642000A0E87B /* Manifest+CoreDataProperties.swift */; };
		BA5ADC9D27BC642000A0E87B /* ItemCollection+CoreDataProperties.swift in Sources */ = {isa = PBXBuildFile; fileRef = BA5ADC9927BC642000A0E87B /* ItemCollection+CoreDataProperties.swift */; };
		BA5BADED27A4AC5700A35AC6 /* Manifest.swift in Sources */ = {isa = PBXBuildFile; fileRef = 119334FD2582FE7B00CA19A2 /* Manifest.swift */; };
		BAA84B3A27CCA5A1000FE43C /* Extensions.swift in Sources */ = {isa = PBXBuildFile; fileRef = BAA84B3927CCA5A1000FE43C /* Extensions.swift */; };
		BAA84B3C27CCA69D000FE43C /* ListDetailView.swift in Sources */ = {isa = PBXBuildFile; fileRef = BAA84B3B27CCA69D000FE43C /* ListDetailView.swift */; };
		BAB4BFAA2768702C007DC9A9 /* FileHandler.swift in Sources */ = {isa = PBXBuildFile; fileRef = BAB4BFA92768702C007DC9A9 /* FileHandler.swift */; };
		BAB4BFAC2768735F007DC9A9 /* ImageHandler.swift in Sources */ = {isa = PBXBuildFile; fileRef = BAB4BFAB2768735F007DC9A9 /* ImageHandler.swift */; };
/* End PBXBuildFile section */

/* Begin PBXCopyFilesBuildPhase section */
		11DF87DD2554F22100A1E5BD /* Embed App Extensions */ = {
			isa = PBXCopyFilesBuildPhase;
			buildActionMask = 2147483647;
			dstPath = "";
			dstSubfolderSpec = 13;
			files = (
			);
			name = "Embed App Extensions";
			runOnlyForDeploymentPostprocessing = 0;
		};
/* End PBXCopyFilesBuildPhase section */

/* Begin PBXFileReference section */
		1147E68A269D1D5B00BAECE1 /* Launch Screen.storyboard */ = {isa = PBXFileReference; lastKnownFileType = file.storyboard; path = "Launch Screen.storyboard"; sourceTree = "<group>"; };
		1166413F267E786700CB6666 /* MetadataItem.swift */ = {isa = PBXFileReference; fileEncoding = 4; lastKnownFileType = sourcecode.swift; lineEnding = 0; path = MetadataItem.swift; sourceTree = "<group>"; };
		117C02E426ACD16C004197D3 /* CatalogSearchView.swift */ = {isa = PBXFileReference; fileEncoding = 4; lastKnownFileType = sourcecode.swift; path = CatalogSearchView.swift; sourceTree = "<group>"; };
		117C02E826ACD638004197D3 /* FullWebView.swift */ = {isa = PBXFileReference; fileEncoding = 4; lastKnownFileType = sourcecode.swift; path = FullWebView.swift; sourceTree = "<group>"; };
		117C02EA26ACDDEE004197D3 /* InputView.swift */ = {isa = PBXFileReference; lastKnownFileType = sourcecode.swift; path = InputView.swift; sourceTree = "<group>"; };
		117C02EC26ACDE4D004197D3 /* CustomSearchMenu.swift */ = {isa = PBXFileReference; fileEncoding = 4; lastKnownFileType = sourcecode.swift; path = CustomSearchMenu.swift; sourceTree = "<group>"; };
		1181A8C627ED2BFB003EE7AF /* Assets.xcassets */ = {isa = PBXFileReference; lastKnownFileType = folder.assetcatalog; path = Assets.xcassets; sourceTree = SOURCE_ROOT; };
		1181A8C827ED2C0E003EE7AF /* TargetScene.rcproject */ = {isa = PBXFileReference; lastKnownFileType = file.rcproject; path = TargetScene.rcproject; sourceTree = SOURCE_ROOT; };
		1181A8CA27ED2C4C003EE7AF /* OnboardingView.swift */ = {isa = PBXFileReference; fileEncoding = 4; lastKnownFileType = sourcecode.swift; name = OnboardingView.swift; path = Landmarks/OnboardingView.swift; sourceTree = SOURCE_ROOT; };
		1181A8CC27ED2C84003EE7AF /* ContentView.swift */ = {isa = PBXFileReference; fileEncoding = 4; lastKnownFileType = sourcecode.swift; path = ContentView.swift; sourceTree = "<group>"; };
		1181A8CD27ED2C84003EE7AF /* AssetRow.swift */ = {isa = PBXFileReference; fileEncoding = 4; lastKnownFileType = sourcecode.swift; path = AssetRow.swift; sourceTree = "<group>"; };
		1181A8D227ED35B8003EE7AF /* 3_Explore.mov */ = {isa = PBXFileReference; lastKnownFileType = video.quicktime; path = 3_Explore.mov; sourceTree = "<group>"; };
		1181A8D327ED35B8003EE7AF /* 2_Tap.mov */ = {isa = PBXFileReference; lastKnownFileType = video.quicktime; path = 2_Tap.mov; sourceTree = "<group>"; };
		1181A8D427ED35B8003EE7AF /* 1_Aim.mov */ = {isa = PBXFileReference; lastKnownFileType = video.quicktime; path = 1_Aim.mov; sourceTree = "<group>"; };
		1181A8DB27ED38BD003EE7AF /* 0_onboarding.png */ = {isa = PBXFileReference; lastKnownFileType = image.png; path = 0_onboarding.png; sourceTree = "<group>"; };
		1181A8DD27EE5362003EE7AF /* LA1909.jpg */ = {isa = PBXFileReference; lastKnownFileType = image.jpeg; path = LA1909.jpg; sourceTree = "<group>"; };
		11929F5D2739D97F00EB2036 /* RealityView.swift */ = {isa = PBXFileReference; lastKnownFileType = sourcecode.swift; path = RealityView.swift; sourceTree = "<group>"; };
		11929F5F2739DB9700EB2036 /* CustomPlane.swift */ = {isa = PBXFileReference; lastKnownFileType = sourcecode.swift; path = CustomPlane.swift; sourceTree = "<group>"; };
		119334FD2582FE7B00CA19A2 /* Manifest.swift */ = {isa = PBXFileReference; lastKnownFileType = sourcecode.swift; path = Manifest.swift; sourceTree = "<group>"; };
		1193352925830ED900CA19A2 /* ContentDataContainer.xcdatamodel */ = {isa = PBXFileReference; lastKnownFileType = wrapper.xcdatamodel; path = ContentDataContainer.xcdatamodel; sourceTree = "<group>"; };
		11AD239E27C96D4B0035D265 /* CustomText.swift */ = {isa = PBXFileReference; fileEncoding = 4; lastKnownFileType = sourcecode.swift; path = CustomText.swift; sourceTree = "<group>"; };
		11B208552537C90900704F40 /* MultiProperty.swift */ = {isa = PBXFileReference; lastKnownFileType = sourcecode.swift; path = MultiProperty.swift; sourceTree = "<group>"; };
		11B208582537C9AF00704F40 /* IIIFManifest.swift */ = {isa = PBXFileReference; lastKnownFileType = sourcecode.swift; path = IIIFManifest.swift; sourceTree = "<group>"; };
		11B2085B2537C9EB00704F40 /* IIIFSequence.swift */ = {isa = PBXFileReference; lastKnownFileType = sourcecode.swift; path = IIIFSequence.swift; sourceTree = "<group>"; };
		11B2085E2537CA0F00704F40 /* IIIFCanvas.swift */ = {isa = PBXFileReference; lastKnownFileType = sourcecode.swift; path = IIIFCanvas.swift; sourceTree = "<group>"; };
		11B208612537CA3300704F40 /* Metadata.swift */ = {isa = PBXFileReference; lastKnownFileType = sourcecode.swift; path = Metadata.swift; sourceTree = "<group>"; };
		11B208672537CE4200704F40 /* IIIFAnnotation.swift */ = {isa = PBXFileReference; lastKnownFileType = sourcecode.swift; path = IIIFAnnotation.swift; sourceTree = "<group>"; };
		11B2086A2537CE7900704F40 /* IIIFImage.swift */ = {isa = PBXFileReference; lastKnownFileType = sourcecode.swift; path = IIIFImage.swift; sourceTree = "<group>"; };
		11B2086D2537CE9600704F40 /* IIIFService.swift */ = {isa = PBXFileReference; lastKnownFileType = sourcecode.swift; path = IIIFService.swift; sourceTree = "<group>"; };
		11B2ADEB2593E6B500A54488 /* ActivityIndicatorView.swift */ = {isa = PBXFileReference; lastKnownFileType = sourcecode.swift; path = ActivityIndicatorView.swift; sourceTree = "<group>"; };
		11C73CCC25F1662900FB66DA /* MapOfCalifornia.json */ = {isa = PBXFileReference; fileEncoding = 4; lastKnownFileType = text.json; path = MapOfCalifornia.json; sourceTree = "<group>"; };
		11C73CCF25F16FC300FB66DA /* MapOfLosAngeles.json */ = {isa = PBXFileReference; fileEncoding = 4; lastKnownFileType = text.json; path = MapOfLosAngeles.json; sourceTree = "<group>"; };
		11C73CD225F172BE00FB66DA /* LA1909.json */ = {isa = PBXFileReference; fileEncoding = 4; lastKnownFileType = text.json; path = LA1909.json; sourceTree = "<group>"; };
		11C73CD325F172BE00FB66DA /* AutomobileLA.json */ = {isa = PBXFileReference; fileEncoding = 4; lastKnownFileType = text.json; path = AutomobileLA.json; sourceTree = "<group>"; };
		11C73CD425F172BE00FB66DA /* TopographicLA.json */ = {isa = PBXFileReference; fileEncoding = 4; lastKnownFileType = text.json; path = TopographicLA.json; sourceTree = "<group>"; };
		11C73CD925F1733200FB66DA /* Hollywood.json */ = {isa = PBXFileReference; fileEncoding = 4; lastKnownFileType = text.json; path = Hollywood.json; sourceTree = "<group>"; };
		11D0BCBE2741BF0500AD3B56 /* RealityViewRepresentable.swift */ = {isa = PBXFileReference; lastKnownFileType = sourcecode.swift; path = RealityViewRepresentable.swift; sourceTree = "<group>"; };
		11DF87A72548955D00A1E5BD /* ManifestData.swift */ = {isa = PBXFileReference; fileEncoding = 4; lastKnownFileType = sourcecode.swift; path = ManifestData.swift; sourceTree = "<group>"; };
		11FC2AA9255B0BFD00AC21EA /* WebControllerRepresentable.swift */ = {isa = PBXFileReference; lastKnownFileType = sourcecode.swift; path = WebControllerRepresentable.swift; sourceTree = "<group>"; };
		11FDF31A27B5C27100EB5BDC /* NewListView.swift */ = {isa = PBXFileReference; lastKnownFileType = sourcecode.swift; path = NewListView.swift; sourceTree = "<group>"; };
		11FDF31D27B5CF4300EB5BDC /* ListsView.swift */ = {isa = PBXFileReference; fileEncoding = 4; lastKnownFileType = sourcecode.swift; path = ListsView.swift; sourceTree = "<group>"; };
		56CD50A424C7CA1C00EF8C3E /* Booksnake.app */ = {isa = PBXFileReference; explicitFileType = wrapper.application; includeInIndex = 0; path = Booksnake.app; sourceTree = BUILT_PRODUCTS_DIR; };
		56CD50A724C7CA1C00EF8C3E /* AppDelegate.swift */ = {isa = PBXFileReference; lastKnownFileType = sourcecode.swift; path = AppDelegate.swift; sourceTree = "<group>"; };
		56CD50A924C7CA1C00EF8C3E /* SceneDelegate.swift */ = {isa = PBXFileReference; lastKnownFileType = sourcecode.swift; path = SceneDelegate.swift; sourceTree = "<group>"; };
		56CD50B524C7CA1F00EF8C3E /* Info.plist */ = {isa = PBXFileReference; lastKnownFileType = text.plist.xml; path = Info.plist; sourceTree = "<group>"; };
		56CD50BF24C7CEA000EF8C3E /* RectangularImage.swift */ = {isa = PBXFileReference; lastKnownFileType = sourcecode.swift; path = RectangularImage.swift; sourceTree = "<group>"; };
		BA42D15D27E96CE000E9BA0B /* ManifestItemsPickerView.swift */ = {isa = PBXFileReference; lastKnownFileType = sourcecode.swift; path = ManifestItemsPickerView.swift; sourceTree = "<group>"; };
		BA5ADC9027BC60B700A0E87B /* ItemCollection.swift */ = {isa = PBXFileReference; lastKnownFileType = sourcecode.swift; path = ItemCollection.swift; sourceTree = "<group>"; };
		BA5ADC9727BC642000A0E87B /* Manifest+CoreDataProperties.swift */ = {isa = PBXFileReference; lastKnownFileType = sourcecode.swift; path = "Manifest+CoreDataProperties.swift"; sourceTree = "<group>"; };
		BA5ADC9927BC642000A0E87B /* ItemCollection+CoreDataProperties.swift */ = {isa = PBXFileReference; lastKnownFileType = sourcecode.swift; path = "ItemCollection+CoreDataProperties.swift"; sourceTree = "<group>"; };
		BAA84B3927CCA5A1000FE43C /* Extensions.swift */ = {isa = PBXFileReference; lastKnownFileType = sourcecode.swift; path = Extensions.swift; sourceTree = "<group>"; };
		BAA84B3B27CCA69D000FE43C /* ListDetailView.swift */ = {isa = PBXFileReference; lastKnownFileType = sourcecode.swift; path = ListDetailView.swift; sourceTree = "<group>"; };
		BAB4BFA92768702C007DC9A9 /* FileHandler.swift */ = {isa = PBXFileReference; lastKnownFileType = sourcecode.swift; path = FileHandler.swift; sourceTree = "<group>"; };
		BAB4BFAB2768735F007DC9A9 /* ImageHandler.swift */ = {isa = PBXFileReference; lastKnownFileType = sourcecode.swift; path = ImageHandler.swift; sourceTree = "<group>"; };
/* End PBXFileReference section */

/* Begin PBXFrameworksBuildPhase section */
		56CD50A124C7CA1C00EF8C3E /* Frameworks */ = {
			isa = PBXFrameworksBuildPhase;
			buildActionMask = 2147483647;
			files = (
			);
			runOnlyForDeploymentPostprocessing = 0;
		};
/* End PBXFrameworksBuildPhase section */

/* Begin PBXGroup section */
		1181A8D827ED35BC003EE7AF /* OnboardingMat */ = {
			isa = PBXGroup;
			children = (
				1181A8DD27EE5362003EE7AF /* LA1909.jpg */,
				1181A8DB27ED38BD003EE7AF /* 0_onboarding.png */,
				1181A8D427ED35B8003EE7AF /* 1_Aim.mov */,
				1181A8D327ED35B8003EE7AF /* 2_Tap.mov */,
				1181A8D227ED35B8003EE7AF /* 3_Explore.mov */,
			);
			name = OnboardingMat;
			sourceTree = "<group>";
		};
		1193351F25830D9000CA19A2 /* Content Data */ = {
			isa = PBXGroup;
			children = (
				119334FD2582FE7B00CA19A2 /* Manifest.swift */,
				BA5ADC9727BC642000A0E87B /* Manifest+CoreDataProperties.swift */,
				BA5ADC9027BC60B700A0E87B /* ItemCollection.swift */,
				BA5ADC9927BC642000A0E87B /* ItemCollection+CoreDataProperties.swift */,
				1193352825830ED900CA19A2 /* ContentDataContainer.xcdatamodeld */,
			);
			path = "Content Data";
			sourceTree = "<group>";
		};
		56CD509B24C7CA1C00EF8C3E = {
			isa = PBXGroup;
			children = (
				56CD50A624C7CA1C00EF8C3E /* Landmarks */,
				56CD50A524C7CA1C00EF8C3E /* Products */,
			);
			sourceTree = "<group>";
		};
		56CD50A524C7CA1C00EF8C3E /* Products */ = {
			isa = PBXGroup;
			children = (
				11AD239E27C96D4B0035D265 /* CustomText.swift */,
				56CD50A424C7CA1C00EF8C3E /* Booksnake.app */,
			);
			name = Products;
			sourceTree = "<group>";
		};
		56CD50A624C7CA1C00EF8C3E /* Landmarks */ = {
			isa = PBXGroup;
			children = (
				1181A8D827ED35BC003EE7AF /* OnboardingMat */,
				1181A8C627ED2BFB003EE7AF /* Assets.xcassets */,
				56CD50B524C7CA1F00EF8C3E /* Info.plist */,
				1147E68A269D1D5B00BAECE1 /* Launch Screen.storyboard */,
				56CD50A924C7CA1C00EF8C3E /* SceneDelegate.swift */,
				56CD50A724C7CA1C00EF8C3E /* AppDelegate.swift */,
				BAA84B3F27CCA6EC000FE43C /* Library */,
				BAA84B3E27CCA6C7000FE43C /* List */,
				BAA84B4227CCA7AA000FE43C /* AR */,
				BAA84B4327CCA7BD000FE43C /* Search */,
				1193351F25830D9000CA19A2 /* Content Data */,
				BAA84B4427CCA7D0000FE43C /* IIIFContainers */,
				BAA84B4127CCA77F000FE43C /* SupportingFiles */,
				BAA84B4527CCA7F7000FE43C /* json */,
			);
			path = Landmarks;
			sourceTree = "<group>";
		};
		BAA84B3E27CCA6C7000FE43C /* List */ = {
			isa = PBXGroup;
			children = (
				11FDF31D27B5CF4300EB5BDC /* ListsView.swift */,
				BAA84B3B27CCA69D000FE43C /* ListDetailView.swift */,
				11FDF31A27B5C27100EB5BDC /* NewListView.swift */,
				BA42D15D27E96CE000E9BA0B /* ManifestItemsPickerView.swift */,
			);
			path = List;
			sourceTree = "<group>";
		};
		BAA84B3F27CCA6EC000FE43C /* Library */ = {
			isa = PBXGroup;
			children = (
				1181A8CD27ED2C84003EE7AF /* AssetRow.swift */,
				1181A8CC27ED2C84003EE7AF /* ContentView.swift */,
			);
			path = Library;
			sourceTree = "<group>";
		};
		BAA84B4127CCA77F000FE43C /* SupportingFiles */ = {
			isa = PBXGroup;
			children = (
				1181A8CA27ED2C4C003EE7AF /* OnboardingView.swift */,
				11B2ADEB2593E6B500A54488 /* ActivityIndicatorView.swift */,
				BAB4BFA92768702C007DC9A9 /* FileHandler.swift */,
				BAB4BFAB2768735F007DC9A9 /* ImageHandler.swift */,
				BAA84B3927CCA5A1000FE43C /* Extensions.swift */,
			);
			path = SupportingFiles;
			sourceTree = "<group>";
		};
		BAA84B4227CCA7AA000FE43C /* AR */ = {
			isa = PBXGroup;
			children = (
				1181A8C827ED2C0E003EE7AF /* TargetScene.rcproject */,
				11929F5D2739D97F00EB2036 /* RealityView.swift */,
				11929F5F2739DB9700EB2036 /* CustomPlane.swift */,
				11D0BCBE2741BF0500AD3B56 /* RealityViewRepresentable.swift */,
			);
			path = AR;
			sourceTree = "<group>";
		};
		BAA84B4327CCA7BD000FE43C /* Search */ = {
			isa = PBXGroup;
			children = (
				117C02EC26ACDE4D004197D3 /* CustomSearchMenu.swift */,
				117C02E426ACD16C004197D3 /* CatalogSearchView.swift */,
				117C02E826ACD638004197D3 /* FullWebView.swift */,
				11FC2AA9255B0BFD00AC21EA /* WebControllerRepresentable.swift */,
				117C02EA26ACDDEE004197D3 /* InputView.swift */,
			);
			path = Search;
			sourceTree = "<group>";
		};
		BAA84B4427CCA7D0000FE43C /* IIIFContainers */ = {
			isa = PBXGroup;
			children = (
				11DF87A72548955D00A1E5BD /* ManifestData.swift */,
				1166413F267E786700CB6666 /* MetadataItem.swift */,
				11B2086A2537CE7900704F40 /* IIIFImage.swift */,
				11B208672537CE4200704F40 /* IIIFAnnotation.swift */,
				11B2086D2537CE9600704F40 /* IIIFService.swift */,
				11B208582537C9AF00704F40 /* IIIFManifest.swift */,
				11B2085B2537C9EB00704F40 /* IIIFSequence.swift */,
				11B2085E2537CA0F00704F40 /* IIIFCanvas.swift */,
				11B208612537CA3300704F40 /* Metadata.swift */,
				11B208552537C90900704F40 /* MultiProperty.swift */,
				56CD50BF24C7CEA000EF8C3E /* RectangularImage.swift */,
			);
			path = IIIFContainers;
			sourceTree = "<group>";
		};
		BAA84B4527CCA7F7000FE43C /* json */ = {
			isa = PBXGroup;
			children = (
				11C73CD925F1733200FB66DA /* Hollywood.json */,
				11C73CD325F172BE00FB66DA /* AutomobileLA.json */,
				11C73CD225F172BE00FB66DA /* LA1909.json */,
				11C73CD425F172BE00FB66DA /* TopographicLA.json */,
				11C73CCF25F16FC300FB66DA /* MapOfLosAngeles.json */,
				11C73CCC25F1662900FB66DA /* MapOfCalifornia.json */,
			);
			path = json;
			sourceTree = "<group>";
		};
/* End PBXGroup section */

/* Begin PBXNativeTarget section */
		56CD50A324C7CA1C00EF8C3E /* Landmarks */ = {
			isa = PBXNativeTarget;
			buildConfigurationList = 56CD50B824C7CA1F00EF8C3E /* Build configuration list for PBXNativeTarget "Landmarks" */;
			buildPhases = (
				56CD50A024C7CA1C00EF8C3E /* Sources */,
				56CD50A124C7CA1C00EF8C3E /* Frameworks */,
				56CD50A224C7CA1C00EF8C3E /* Resources */,
				11DF87DD2554F22100A1E5BD /* Embed App Extensions */,
			);
			buildRules = (
			);
			dependencies = (
			);
			name = Landmarks;
			productName = Landmarks;
			productReference = 56CD50A424C7CA1C00EF8C3E /* Booksnake.app */;
			productType = "com.apple.product-type.application";
		};
/* End PBXNativeTarget section */

/* Begin PBXProject section */
		56CD509C24C7CA1C00EF8C3E /* Project object */ = {
			isa = PBXProject;
			attributes = {
				LastSwiftUpdateCheck = 1210;
				LastUpgradeCheck = 1210;
				ORGANIZATIONNAME = "University of Southern California";
				TargetAttributes = {
					56CD50A324C7CA1C00EF8C3E = {
						CreatedOnToolsVersion = 11.5;
					};
				};
			};
			buildConfigurationList = 56CD509F24C7CA1C00EF8C3E /* Build configuration list for PBXProject "Landmarks" */;
			compatibilityVersion = "Xcode 9.3";
			developmentRegion = en;
			hasScannedForEncodings = 0;
			knownRegions = (
				en,
				Base,
			);
			mainGroup = 56CD509B24C7CA1C00EF8C3E;
			productRefGroup = 56CD50A524C7CA1C00EF8C3E /* Products */;
			projectDirPath = "";
			projectRoot = "";
			targets = (
				56CD50A324C7CA1C00EF8C3E /* Landmarks */,
			);
		};
/* End PBXProject section */

/* Begin PBXResourcesBuildPhase section */
		56CD50A224C7CA1C00EF8C3E /* Resources */ = {
			isa = PBXResourcesBuildPhase;
			buildActionMask = 2147483647;
			files = (
				11C73CD625F172BE00FB66DA /* AutomobileLA.json in Resources */,
				1181A8D527ED35B8003EE7AF /* 3_Explore.mov in Resources */,
				1147E68B269D1D5B00BAECE1 /* Launch Screen.storyboard in Resources */,
				1181A8D627ED35B8003EE7AF /* 2_Tap.mov in Resources */,
				1181A8D727ED35B8003EE7AF /* 1_Aim.mov in Resources */,
				1181A8DC27ED38BD003EE7AF /* 0_onboarding.png in Resources */,
				11C73CDA25F1733200FB66DA /* Hollywood.json in Resources */,
				11C73CD525F172BE00FB66DA /* LA1909.json in Resources */,
				11C73CD025F16FC300FB66DA /* MapOfLosAngeles.json in Resources */,
				11C73CCD25F1662900FB66DA /* MapOfCalifornia.json in Resources */,
				1181A8C727ED2BFB003EE7AF /* Assets.xcassets in Resources */,
				11C73CD725F172BE00FB66DA /* TopographicLA.json in Resources */,
				1181A8DE27EE5362003EE7AF /* LA1909.jpg in Resources */,
			);
			runOnlyForDeploymentPostprocessing = 0;
		};
/* End PBXResourcesBuildPhase section */

/* Begin PBXSourcesBuildPhase section */
		56CD50A024C7CA1C00EF8C3E /* Sources */ = {
			isa = PBXSourcesBuildPhase;
			buildActionMask = 2147483647;
			files = (
				11D0BCBF2741BF0500AD3B56 /* RealityViewRepresentable.swift in Sources */,
				117C02E926ACD638004197D3 /* FullWebView.swift in Sources */,
				11B208622537CA3300704F40 /* Metadata.swift in Sources */,
				11FC2AAA255B0BFD00AC21EA /* WebControllerRepresentable.swift in Sources */,
				11B2086B2537CE7900704F40 /* IIIFImage.swift in Sources */,
				11664140267E786700CB6666 /* MetadataItem.swift in Sources */,
				117C02E526ACD16C004197D3 /* CatalogSearchView.swift in Sources */,
				56CD50C024C7CEA000EF8C3E /* RectangularImage.swift in Sources */,
				1181A8CE27ED2C84003EE7AF /* ContentView.swift in Sources */,
				11B2085F2537CA0F00704F40 /* IIIFCanvas.swift in Sources */,
				1181A8CF27ED2C84003EE7AF /* AssetRow.swift in Sources */,
				BA5ADC9127BC60B700A0E87B /* ItemCollection.swift in Sources */,
				11929F602739DB9700EB2036 /* CustomPlane.swift in Sources */,
				BAB4BFAA2768702C007DC9A9 /* FileHandler.swift in Sources */,
				1181A8CB27ED2C4C003EE7AF /* OnboardingView.swift in Sources */,
				11B2086E2537CE9600704F40 /* IIIFService.swift in Sources */,
				11FDF31B27B5C27100EB5BDC /* NewListView.swift in Sources */,
				BA42D15E27E96CE000E9BA0B /* ManifestItemsPickerView.swift in Sources */,
				11929F5E2739D97F00EB2036 /* RealityView.swift in Sources */,
				56CD50A824C7CA1C00EF8C3E /* AppDelegate.swift in Sources */,
				BA5BADED27A4AC5700A35AC6 /* Manifest.swift in Sources */,
				11FDF31E27B5CF4300EB5BDC /* ListsView.swift in Sources */,
				1181A8C927ED2C0E003EE7AF /* TargetScene.rcproject in Sources */,
				1193352A25830ED900CA19A2 /* ContentDataContainer.xcdatamodeld in Sources */,
				BA5ADC9B27BC642000A0E87B /* Manifest+CoreDataProperties.swift in Sources */,
				11B208592537C9AF00704F40 /* IIIFManifest.swift in Sources */,
				11B208562537C90900704F40 /* MultiProperty.swift in Sources */,
				BAB4BFAC2768735F007DC9A9 /* ImageHandler.swift in Sources */,
				117C02ED26ACDE4D004197D3 /* CustomSearchMenu.swift in Sources */,
				117C02EB26ACDDEE004197D3 /* InputView.swift in Sources */,
				11B2ADEC2593E6B500A54488 /* ActivityIndicatorView.swift in Sources */,
				56CD50AA24C7CA1C00EF8C3E /* SceneDelegate.swift in Sources */,
				BAA84B3C27CCA69D000FE43C /* ListDetailView.swift in Sources */,
				11B2085C2537C9EB00704F40 /* IIIFSequence.swift in Sources */,
				BA5ADC9D27BC642000A0E87B /* ItemCollection+CoreDataProperties.swift in Sources */,
				11B208682537CE4200704F40 /* IIIFAnnotation.swift in Sources */,
				BAA84B3A27CCA5A1000FE43C /* Extensions.swift in Sources */,
				11DF87A82548955D00A1E5BD /* ManifestData.swift in Sources */,
			);
			runOnlyForDeploymentPostprocessing = 0;
		};
/* End PBXSourcesBuildPhase section */

/* Begin XCBuildConfiguration section */
		56CD50B624C7CA1F00EF8C3E /* Debug */ = {
			isa = XCBuildConfiguration;
			buildSettings = {
				ALWAYS_SEARCH_USER_PATHS = NO;
				CLANG_ANALYZER_NONNULL = YES;
				CLANG_ANALYZER_NUMBER_OBJECT_CONVERSION = YES_AGGRESSIVE;
				CLANG_CXX_LANGUAGE_STANDARD = "gnu++14";
				CLANG_CXX_LIBRARY = "libc++";
				CLANG_ENABLE_MODULES = YES;
				CLANG_ENABLE_OBJC_ARC = YES;
				CLANG_ENABLE_OBJC_WEAK = YES;
				CLANG_WARN_BLOCK_CAPTURE_AUTORELEASING = YES;
				CLANG_WARN_BOOL_CONVERSION = YES;
				CLANG_WARN_COMMA = YES;
				CLANG_WARN_CONSTANT_CONVERSION = YES;
				CLANG_WARN_DEPRECATED_OBJC_IMPLEMENTATIONS = YES;
				CLANG_WARN_DIRECT_OBJC_ISA_USAGE = YES_ERROR;
				CLANG_WARN_DOCUMENTATION_COMMENTS = YES;
				CLANG_WARN_EMPTY_BODY = YES;
				CLANG_WARN_ENUM_CONVERSION = YES;
				CLANG_WARN_INFINITE_RECURSION = YES;
				CLANG_WARN_INT_CONVERSION = YES;
				CLANG_WARN_NON_LITERAL_NULL_CONVERSION = YES;
				CLANG_WARN_OBJC_IMPLICIT_RETAIN_SELF = YES;
				CLANG_WARN_OBJC_LITERAL_CONVERSION = YES;
				CLANG_WARN_OBJC_ROOT_CLASS = YES_ERROR;
				CLANG_WARN_QUOTED_INCLUDE_IN_FRAMEWORK_HEADER = YES;
				CLANG_WARN_RANGE_LOOP_ANALYSIS = YES;
				CLANG_WARN_STRICT_PROTOTYPES = YES;
				CLANG_WARN_SUSPICIOUS_MOVE = YES;
				CLANG_WARN_UNGUARDED_AVAILABILITY = YES_AGGRESSIVE;
				CLANG_WARN_UNREACHABLE_CODE = YES;
				CLANG_WARN__DUPLICATE_METHOD_MATCH = YES;
				COPY_PHASE_STRIP = NO;
				DEBUG_INFORMATION_FORMAT = dwarf;
				ENABLE_STRICT_OBJC_MSGSEND = YES;
				ENABLE_TESTABILITY = YES;
				GCC_C_LANGUAGE_STANDARD = gnu11;
				GCC_DYNAMIC_NO_PIC = NO;
				GCC_NO_COMMON_BLOCKS = YES;
				GCC_OPTIMIZATION_LEVEL = 0;
				GCC_PREPROCESSOR_DEFINITIONS = (
					"DEBUG=1",
					"$(inherited)",
				);
				GCC_WARN_64_TO_32_BIT_CONVERSION = YES;
				GCC_WARN_ABOUT_RETURN_TYPE = YES_ERROR;
				GCC_WARN_UNDECLARED_SELECTOR = YES;
				GCC_WARN_UNINITIALIZED_AUTOS = YES_AGGRESSIVE;
				GCC_WARN_UNUSED_FUNCTION = YES;
				GCC_WARN_UNUSED_VARIABLE = YES;
				IPHONEOS_DEPLOYMENT_TARGET = 15.0;
				MTL_ENABLE_DEBUG_INFO = INCLUDE_SOURCE;
				MTL_FAST_MATH = YES;
				ONLY_ACTIVE_ARCH = YES;
				SDKROOT = iphoneos;
				SWIFT_ACTIVE_COMPILATION_CONDITIONS = DEBUG;
				SWIFT_OPTIMIZATION_LEVEL = "-Onone";
			};
			name = Debug;
		};
		56CD50B724C7CA1F00EF8C3E /* Release */ = {
			isa = XCBuildConfiguration;
			buildSettings = {
				ALWAYS_SEARCH_USER_PATHS = NO;
				CLANG_ANALYZER_NONNULL = YES;
				CLANG_ANALYZER_NUMBER_OBJECT_CONVERSION = YES_AGGRESSIVE;
				CLANG_CXX_LANGUAGE_STANDARD = "gnu++14";
				CLANG_CXX_LIBRARY = "libc++";
				CLANG_ENABLE_MODULES = YES;
				CLANG_ENABLE_OBJC_ARC = YES;
				CLANG_ENABLE_OBJC_WEAK = YES;
				CLANG_WARN_BLOCK_CAPTURE_AUTORELEASING = YES;
				CLANG_WARN_BOOL_CONVERSION = YES;
				CLANG_WARN_COMMA = YES;
				CLANG_WARN_CONSTANT_CONVERSION = YES;
				CLANG_WARN_DEPRECATED_OBJC_IMPLEMENTATIONS = YES;
				CLANG_WARN_DIRECT_OBJC_ISA_USAGE = YES_ERROR;
				CLANG_WARN_DOCUMENTATION_COMMENTS = YES;
				CLANG_WARN_EMPTY_BODY = YES;
				CLANG_WARN_ENUM_CONVERSION = YES;
				CLANG_WARN_INFINITE_RECURSION = YES;
				CLANG_WARN_INT_CONVERSION = YES;
				CLANG_WARN_NON_LITERAL_NULL_CONVERSION = YES;
				CLANG_WARN_OBJC_IMPLICIT_RETAIN_SELF = YES;
				CLANG_WARN_OBJC_LITERAL_CONVERSION = YES;
				CLANG_WARN_OBJC_ROOT_CLASS = YES_ERROR;
				CLANG_WARN_QUOTED_INCLUDE_IN_FRAMEWORK_HEADER = YES;
				CLANG_WARN_RANGE_LOOP_ANALYSIS = YES;
				CLANG_WARN_STRICT_PROTOTYPES = YES;
				CLANG_WARN_SUSPICIOUS_MOVE = YES;
				CLANG_WARN_UNGUARDED_AVAILABILITY = YES_AGGRESSIVE;
				CLANG_WARN_UNREACHABLE_CODE = YES;
				CLANG_WARN__DUPLICATE_METHOD_MATCH = YES;
				COPY_PHASE_STRIP = NO;
				DEBUG_INFORMATION_FORMAT = "dwarf-with-dsym";
				ENABLE_NS_ASSERTIONS = NO;
				ENABLE_STRICT_OBJC_MSGSEND = YES;
				GCC_C_LANGUAGE_STANDARD = gnu11;
				GCC_NO_COMMON_BLOCKS = YES;
				GCC_WARN_64_TO_32_BIT_CONVERSION = YES;
				GCC_WARN_ABOUT_RETURN_TYPE = YES_ERROR;
				GCC_WARN_UNDECLARED_SELECTOR = YES;
				GCC_WARN_UNINITIALIZED_AUTOS = YES_AGGRESSIVE;
				GCC_WARN_UNUSED_FUNCTION = YES;
				GCC_WARN_UNUSED_VARIABLE = YES;
				IPHONEOS_DEPLOYMENT_TARGET = 15.0;
				MTL_ENABLE_DEBUG_INFO = NO;
				MTL_FAST_MATH = YES;
				SDKROOT = iphoneos;
				SWIFT_COMPILATION_MODE = wholemodule;
				SWIFT_OPTIMIZATION_LEVEL = "-O";
				VALIDATE_PRODUCT = YES;
			};
			name = Release;
		};
		56CD50B924C7CA1F00EF8C3E /* Debug */ = {
			isa = XCBuildConfiguration;
			buildSettings = {
				ALWAYS_EMBED_SWIFT_STANDARD_LIBRARIES = YES;
				ASSETCATALOG_COMPILER_APPICON_NAME = AppIcon;
				CODE_SIGN_IDENTITY = "Apple Development";
				CODE_SIGN_STYLE = Automatic;
				DEVELOPMENT_ASSET_PATHS = "";
				DEVELOPMENT_TEAM = 2ARS5NMQTK;
				ENABLE_PREVIEWS = YES;
				INFOPLIST_FILE = Landmarks/Info.plist;
				IPHONEOS_DEPLOYMENT_TARGET = 15.0;
				LD_RUNPATH_SEARCH_PATHS = (
					"$(inherited)",
					"@executable_path/Frameworks",
				);
				MARKETING_VERSION = 2.0;
				PRODUCT_BUNDLE_IDENTIFIER = com.personal.cye;
				PRODUCT_NAME = Booksnake;
				PROVISIONING_PROFILE_SPECIFIER = "";
				SWIFT_VERSION = 5.0;
				TARGETED_DEVICE_FAMILY = "1,2";
			};
			name = Debug;
		};
		56CD50BA24C7CA1F00EF8C3E /* Release */ = {
			isa = XCBuildConfiguration;
			buildSettings = {
				ALWAYS_EMBED_SWIFT_STANDARD_LIBRARIES = YES;
				ASSETCATALOG_COMPILER_APPICON_NAME = AppIcon;
				CODE_SIGN_ENTITLEMENTS = "Landmarks/Booksnake DemoRelease.entitlements";
				CODE_SIGN_IDENTITY = "Apple Development";
				CODE_SIGN_STYLE = Automatic;
				DEVELOPMENT_ASSET_PATHS = "";
				DEVELOPMENT_TEAM = 2ARS5NMQTK;
				ENABLE_PREVIEWS = YES;
				INFOPLIST_FILE = Landmarks/Info.plist;
				IPHONEOS_DEPLOYMENT_TARGET = 15.0;
				LD_RUNPATH_SEARCH_PATHS = (
					"$(inherited)",
					"@executable_path/Frameworks",
				);
				MARKETING_VERSION = 2.0;
				PRODUCT_BUNDLE_IDENTIFIER = com.personal.cye;
				PRODUCT_NAME = Booksnake;
				PROVISIONING_PROFILE_SPECIFIER = "";
				SWIFT_VERSION = 5.0;
				TARGETED_DEVICE_FAMILY = "1,2";
			};
			name = Release;
		};
/* End XCBuildConfiguration section */

/* Begin XCConfigurationList section */
		56CD509F24C7CA1C00EF8C3E /* Build configuration list for PBXProject "Landmarks" */ = {
			isa = XCConfigurationList;
			buildConfigurations = (
				56CD50B624C7CA1F00EF8C3E /* Debug */,
				56CD50B724C7CA1F00EF8C3E /* Release */,
			);
			defaultConfigurationIsVisible = 0;
			defaultConfigurationName = Release;
		};
		56CD50B824C7CA1F00EF8C3E /* Build configuration list for PBXNativeTarget "Landmarks" */ = {
			isa = XCConfigurationList;
			buildConfigurations = (
				56CD50B924C7CA1F00EF8C3E /* Debug */,
				56CD50BA24C7CA1F00EF8C3E /* Release */,
			);
			defaultConfigurationIsVisible = 0;
			defaultConfigurationName = Release;
		};
/* End XCConfigurationList section */

/* Begin XCVersionGroup section */
		1193352825830ED900CA19A2 /* ContentDataContainer.xcdatamodeld */ = {
			isa = XCVersionGroup;
			children = (
				1193352925830ED900CA19A2 /* ContentDataContainer.xcdatamodel */,
			);
			currentVersion = 1193352925830ED900CA19A2 /* ContentDataContainer.xcdatamodel */;
			path = ContentDataContainer.xcdatamodeld;
			sourceTree = "<group>";
			versionGroupType = wrapper.xcdatamodel;
		};
/* End XCVersionGroup section */
	};
	rootObject = 56CD509C24C7CA1C00EF8C3E /* Project object */;
}
